
Microsoft Visual Studio Solution File, Format Version 12.00
# Visual Studio Version 17
VisualStudioVersion = 17.14.36310.24
MinimumVisualStudioVersion = 10.0.40219.1
Project("{FAE04EC0-301F-11D3-BF4B-00C04F79EFBC}") = "ChatpGPTChallenges", "ChatpGPTChallenges\ChatpGPTChallenges.csproj", "{33C41080-55EC-4974-9E22-35A6DF33D71C}"
EndProject
Project("{FAE04EC0-301F-11D3-BF4B-00C04F79EFBC}") = "FizzBuzzTests", "FizzBuzzTests\FizzBuzzTests.csproj", "{0B545FD3-0DFD-46B3-9802-CD7F78AB0632}"
EndProject
Project("{FAE04EC0-301F-11D3-BF4B-00C04F79EFBC}") = "NthFibbonaciTests", "NthFibbonaciTests\NthFibbonaciTests.csproj", "{CC8EB9EB-05E4-4C52-9C45-699785C4B23B}"
EndProject
Project("{FAE04EC0-301F-11D3-BF4B-00C04F79EFBC}") = "NthFibonnaci", "NthFibonnaci\NthFibonnaci.csproj", "{35C4B8C6-6668-4DDE-ADD9-402ADF0F3683}"
EndProject
Global
	GlobalSection(SolutionConfigurationPlatforms) = preSolution
		Debug|Any CPU = Debug|Any CPU
		Release|Any CPU = Release|Any CPU
	EndGlobalSection
	GlobalSection(ProjectConfigurationPlatforms) = postSolution
		{33C41080-55EC-4974-9E22-35A6DF33D71C}.Debug|Any CPU.ActiveCfg = Debug|Any CPU
		{33C41080-55EC-4974-9E22-35A6DF33D71C}.Debug|Any CPU.Build.0 = Debug|Any CPU
		{33C41080-55EC-4974-9E22-35A6DF33D71C}.Release|Any CPU.ActiveCfg = Release|Any CPU
		{33C41080-55EC-4974-9E22-35A6DF33D71C}.Release|Any CPU.Build.0 = Release|Any CPU
		{0B545FD3-0DFD-46B3-9802-CD7F78AB0632}.Debug|Any CPU.ActiveCfg = Debug|Any CPU
		{0B545FD3-0DFD-46B3-9802-CD7F78AB0632}.Debug|Any CPU.Build.0 = Debug|Any CPU
		{0B545FD3-0DFD-46B3-9802-CD7F78AB0632}.Release|Any CPU.ActiveCfg = Release|Any CPU
		{0B545FD3-0DFD-46B3-9802-CD7F78AB0632}.Release|Any CPU.Build.0 = Release|Any CPU
		{CC8EB9EB-05E4-4C52-9C45-699785C4B23B}.Debug|Any CPU.ActiveCfg = Debug|Any CPU
		{CC8EB9EB-05E4-4C52-9C45-699785C4B23B}.Debug|Any CPU.Build.0 = Debug|Any CPU
		{CC8EB9EB-05E4-4C52-9C45-699785C4B23B}.Release|Any CPU.ActiveCfg = Release|Any CPU
		{CC8EB9EB-05E4-4C52-9C45-699785C4B23B}.Release|Any CPU.Build.0 = Release|Any CPU
		{35C4B8C6-6668-4DDE-ADD9-402ADF0F3683}.Debug|Any CPU.ActiveCfg = Debug|Any CPU
		{35C4B8C6-6668-4DDE-ADD9-402ADF0F3683}.Debug|Any CPU.Build.0 = Debug|Any CPU
		{35C4B8C6-6668-4DDE-ADD9-402ADF0F3683}.Release|Any CPU.ActiveCfg = Release|Any CPU
		{35C4B8C6-6668-4DDE-ADD9-402ADF0F3683}.Release|Any CPU.Build.0 = Release|Any CPU
	EndGlobalSection
	GlobalSection(SolutionProperties) = preSolution
		HideSolutionNode = FALSE
	EndGlobalSection
	GlobalSection(ExtensibilityGlobals) = postSolution
		SolutionGuid = {EF1239F6-D2C2-4822-AB13-70C7A1B2C27A}
	EndGlobalSection
EndGlobal
